<?xml version="1.0" encoding="utf-8"?>
<Project ToolsVersion="4.0" xmlns="http://schemas.microsoft.com/developer/msbuild/2003">
  <ItemGroup>
    <Filter Include="Fichiers sources">
      <UniqueIdentifier>{4FC737F1-C7A5-4376-A066-2A32D752A2FF}</UniqueIdentifier>
      <Extensions>cpp;c;cc;cxx;def;odl;idl;hpj;bat;asm;asmx</Extensions>
    </Filter>
    <Filter Include="Fichiers d%27en-tête">
      <UniqueIdentifier>{93995380-89BD-4b04-88EB-625FBE52EBFB}</UniqueIdentifier>
      <Extensions>h;hh;hpp;hxx;hm;inl;inc;xsd</Extensions>
    </Filter>
    <Filter Include="Fichiers de ressources">
      <UniqueIdentifier>{67DA6AB6-F800-4c08-8B7A-83BB121AAD01}</UniqueIdentifier>
      <Extensions>rc;ico;cur;bmp;dlg;rc2;rct;bin;rgs;gif;jpg;jpeg;jpe;resx;tiff;tif;png;wav;mfcribbon-ms</Extensions>
    </Filter>
    <Filter Include="Fichiers d%27en-tête\Map">
      <UniqueIdentifier>{0f7fc2c1-9ee8-4a81-aaf1-0468ba9f1308}</UniqueIdentifier>
    </Filter>
    <Filter Include="Fichiers sources\Map">
      <UniqueIdentifier>{54018209-20c4-4bd1-8ef4-6ca3c3640127}</UniqueIdentifier>
    </Filter>
    <Filter Include="Fichiers d%27en-tête\Team">
      <UniqueIdentifier>{8ffd5681-af8e-4659-9f15-92dffa7569c1}</UniqueIdentifier>
    </Filter>
    <Filter Include="Fichiers sources\Team">
      <UniqueIdentifier>{4a69d43e-75d6-4c03-9e4b-8696f3b4f21b}</UniqueIdentifier>
    </Filter>
    <Filter Include="Fichiers sources\Menu">
      <UniqueIdentifier>{e8a6ab5d-7fed-47ed-ab78-7e6b904908d0}</UniqueIdentifier>
    </Filter>
    <Filter Include="Fichiers d%27en-tête\Menu">
      <UniqueIdentifier>{9714d534-5433-434b-ae90-fe0d7b15c980}</UniqueIdentifier>
    </Filter>
    <Filter Include="Fichiers d%27en-tête\Event">
      <UniqueIdentifier>{679ef078-6a0e-4449-86ff-ebe9f65eaeba}</UniqueIdentifier>
    </Filter>
    <Filter Include="Fichiers sources\Event">
      <UniqueIdentifier>{d49be7a9-1885-4f81-b2b1-0471b6999310}</UniqueIdentifier>
    </Filter>
    <Filter Include="Fichiers sources\Animation">
      <UniqueIdentifier>{7093f99d-f151-4686-9e73-a89a4036759f}</UniqueIdentifier>
    </Filter>
    <Filter Include="Fichiers d%27en-tête\Animation">
      <UniqueIdentifier>{dd653a97-e929-4e8f-9bf6-3daf289f8bb5}</UniqueIdentifier>
    </Filter>
    <Filter Include="Fichiers d%27en-tête\Battle">
      <UniqueIdentifier>{de225a83-0997-4f8f-b8de-4323d0d726c4}</UniqueIdentifier>
    </Filter>
    <Filter Include="Fichiers sources\Battle">
      <UniqueIdentifier>{fe012bf3-e1ce-4dba-bb36-061830f939cd}</UniqueIdentifier>
    </Filter>
    <Filter Include="Fichiers sources\Error">
      <UniqueIdentifier>{d3641cd0-118f-419b-b4c1-de163a3084a3}</UniqueIdentifier>
    </Filter>
    <Filter Include="Fichiers d%27en-tête\Error">
      <UniqueIdentifier>{7b32f50e-1407-4f5f-895e-4e69659344e6}</UniqueIdentifier>
    </Filter>
    <Filter Include="Fichiers sources\Map\Physic">
      <UniqueIdentifier>{12d5c464-466c-47c0-b977-16f4cd96dbd1}</UniqueIdentifier>
    </Filter>
    <Filter Include="Fichiers d%27en-tête\Map\Physic">
      <UniqueIdentifier>{27dadd28-f8e0-4c28-b74a-924081f8f477}</UniqueIdentifier>
    </Filter>
    <Filter Include="Fichiers d%27en-tête\Sound">
      <UniqueIdentifier>{79e1137d-57b1-4bde-8acf-499dd42e693c}</UniqueIdentifier>
    </Filter>
    <Filter Include="Fichiers sources\Sound">
      <UniqueIdentifier>{671cefc2-5c82-4408-907a-4e9d5f2750ed}</UniqueIdentifier>
    </Filter>
    <Filter Include="Fichiers d%27en-tête\Database">
      <UniqueIdentifier>{0d7026b5-6fa7-43a8-aa6b-e531f524402e}</UniqueIdentifier>
    </Filter>
    <Filter Include="Fichiers sources\Database">
      <UniqueIdentifier>{94d199a3-cd10-403a-bcc3-b36b29e7c256}</UniqueIdentifier>
    </Filter>
    <Filter Include="Fichiers d%27en-tête\Database\json">
      <UniqueIdentifier>{f447b701-6d49-4c07-8add-4a6159412f25}</UniqueIdentifier>
    </Filter>
    <Filter Include="Fichiers sources\Database\json">
      <UniqueIdentifier>{528ee294-35f6-4592-84a9-2b972985f327}</UniqueIdentifier>
    </Filter>
  </ItemGroup>
  <ItemGroup>
    <ClCompile Include="main.cpp">
      <Filter>Fichiers sources</Filter>
    </ClCompile>
    <ClCompile Include="Game.cpp">
      <Filter>Fichiers sources</Filter>
    </ClCompile>
    <ClCompile Include="constants.cpp">
      <Filter>Fichiers sources</Filter>
    </ClCompile>
    <ClCompile Include="initialization.cpp">
      <Filter>Fichiers sources</Filter>
    </ClCompile>
    <ClCompile Include="Map\Camera.cpp">
      <Filter>Fichiers sources\Map</Filter>
    </ClCompile>
    <ClCompile Include="Map\ManageRessources.cpp">
      <Filter>Fichiers sources\Map</Filter>
    </ClCompile>
    <ClCompile Include="Map\ManageSurfaces.cpp">
      <Filter>Fichiers sources\Map</Filter>
    </ClCompile>
    <ClCompile Include="Map\Layer.cpp">
      <Filter>Fichiers sources\Map</Filter>
    </ClCompile>
    <ClCompile Include="Map\Map.cpp">
      <Filter>Fichiers sources\Map</Filter>
    </ClCompile>
    <ClCompile Include="Map\Surface.cpp">
      <Filter>Fichiers sources\Map</Filter>
    </ClCompile>
    <ClCompile Include="Map\SurfaceSprite.cpp">
      <Filter>Fichiers sources\Map</Filter>
    </ClCompile>
    <ClCompile Include="Map\SurfaceText.cpp">
      <Filter>Fichiers sources\Map</Filter>
    </ClCompile>
    <ClCompile Include="Map\Tile.cpp">
      <Filter>Fichiers sources\Map</Filter>
    </ClCompile>
    <ClCompile Include="Team\Character.cpp">
      <Filter>Fichiers sources\Team</Filter>
    </ClCompile>
    <ClCompile Include="Team\Team.cpp">
      <Filter>Fichiers sources\Team</Filter>
    </ClCompile>
    <ClCompile Include="Menu\M_choice.cpp">
      <Filter>Fichiers sources\Menu</Filter>
    </ClCompile>
    <ClCompile Include="Menu\Menu.cpp">
      <Filter>Fichiers sources\Menu</Filter>
    </ClCompile>
    <ClCompile Include="Menu\MenuChoice.cpp">
      <Filter>Fichiers sources\Menu</Filter>
    </ClCompile>
    <ClCompile Include="Menu\MenuDialogBox.cpp">
      <Filter>Fichiers sources\Menu</Filter>
    </ClCompile>
    <ClCompile Include="Event\actionFunctions.cpp">
      <Filter>Fichiers sources\Event</Filter>
    </ClCompile>
    <ClCompile Include="Event\IG_Action.cpp">
      <Filter>Fichiers sources\Event</Filter>
    </ClCompile>
    <ClCompile Include="Event\IG_KeyEvent.cpp">
      <Filter>Fichiers sources\Event</Filter>
    </ClCompile>
    <ClCompile Include="Event\ManageEvent.cpp">
      <Filter>Fichiers sources\Event</Filter>
    </ClCompile>
    <ClCompile Include="Animation\Animation.cpp">
      <Filter>Fichiers sources\Animation</Filter>
    </ClCompile>
    <ClCompile Include="Animation\ManageAnimation.cpp">
      <Filter>Fichiers sources\Animation</Filter>
    </ClCompile>
    <ClCompile Include="Battle\Battle.cpp">
      <Filter>Fichiers sources\Battle</Filter>
    </ClCompile>
    <ClCompile Include="Battle\Characteristic.cpp">
      <Filter>Fichiers sources\Battle</Filter>
    </ClCompile>
    <ClCompile Include="Battle\Enemies.cpp">
      <Filter>Fichiers sources\Battle</Filter>
    </ClCompile>
    <ClCompile Include="Battle\Health.cpp">
      <Filter>Fichiers sources\Battle</Filter>
    </ClCompile>
    <ClCompile Include="Battle\Spell.cpp">
      <Filter>Fichiers sources\Battle</Filter>
    </ClCompile>
    <ClCompile Include="Battle\Mana.cpp">
      <Filter>Fichiers sources\Battle</Filter>
    </ClCompile>
    <ClCompile Include="Battle\EffectOnCharacteristic.cpp">
      <Filter>Fichiers sources\Battle</Filter>
    </ClCompile>
    <ClCompile Include="Battle\SkillPoints.cpp">
      <Filter>Fichiers sources\Battle</Filter>
    </ClCompile>
    <ClCompile Include="Battle\B_Event.cpp">
      <Filter>Fichiers sources\Battle</Filter>
    </ClCompile>
    <ClCompile Include="Battle\B_EventAttack.cpp">
      <Filter>Fichiers sources\Battle</Filter>
    </ClCompile>
    <ClCompile Include="Battle\B_EventDefense.cpp">
      <Filter>Fichiers sources\Battle</Filter>
    </ClCompile>
    <ClCompile Include="Battle\B_EventEscape.cpp">
      <Filter>Fichiers sources\Battle</Filter>
    </ClCompile>
    <ClCompile Include="Battle\B_EventSpell.cpp">
      <Filter>Fichiers sources\Battle</Filter>
    </ClCompile>
    <ClCompile Include="Battle\BattleEventManager.cpp">
      <Filter>Fichiers sources\Battle</Filter>
    </ClCompile>
    <ClCompile Include="Battle\Fighter.cpp">
      <Filter>Fichiers sources\Battle</Filter>
    </ClCompile>
    <ClCompile Include="Battle\EnemiBoss.cpp">
      <Filter>Fichiers sources\Battle</Filter>
    </ClCompile>
    <ClCompile Include="Battle\EnemiBasic.cpp">
      <Filter>Fichiers sources\Battle</Filter>
    </ClCompile>
    <ClCompile Include="Menu\MenuBattle.cpp">
      <Filter>Fichiers sources\Menu</Filter>
    </ClCompile>
    <ClCompile Include="Menu\MenuBattleSide.cpp">
      <Filter>Fichiers sources\Menu</Filter>
    </ClCompile>
    <ClCompile Include="Map\ManageRenderTexture.cpp">
      <Filter>Fichiers sources\Map</Filter>
    </ClCompile>
    <ClCompile Include="Battle\TeamMate.cpp">
      <Filter>Fichiers sources\Battle</Filter>
    </ClCompile>
    <ClCompile Include="Battle\TeamBattle.cpp">
      <Filter>Fichiers sources\Battle</Filter>
    </ClCompile>
    <ClCompile Include="Error\GameException.cpp">
      <Filter>Fichiers sources\Error</Filter>
    </ClCompile>
    <ClCompile Include="Error\RessourceException.cpp">
      <Filter>Fichiers sources\Error</Filter>
    </ClCompile>
    <ClCompile Include="Error\ValueException.cpp">
      <Filter>Fichiers sources\Error</Filter>
    </ClCompile>
    <ClCompile Include="Error\debugFunctions.cpp">
      <Filter>Fichiers sources\Error</Filter>
    </ClCompile>
    <ClCompile Include="Error\InitializationException.cpp">
      <Filter>Fichiers sources\Error</Filter>
    </ClCompile>
    <ClCompile Include="Map\Physic\ManageHitbox.cpp">
      <Filter>Fichiers sources\Map\Physic</Filter>
    </ClCompile>
    <ClCompile Include="Map\Physic\Hitbox.cpp">
      <Filter>Fichiers sources\Map\Physic</Filter>
    </ClCompile>
    <ClCompile Include="Sound\ManageSound.cpp">
      <Filter>Fichiers sources\Sound</Filter>
    </ClCompile>
    <ClCompile Include="Database\json_writer.cpp">
      <Filter>Fichiers sources\Database</Filter>
    </ClCompile>
    <ClCompile Include="Database\json_value.cpp">
      <Filter>Fichiers sources\Database</Filter>
    </ClCompile>
    <ClCompile Include="Database\json_reader.cpp">
      <Filter>Fichiers sources\Database</Filter>
    </ClCompile>
    <ClCompile Include="Database\DatabaseJson.cpp">
      <Filter>Fichiers sources\Database</Filter>
    <ClCompile Include="Battle\BattleEffects.cpp">
      <Filter>Fichiers sources\Battle</Filter>
    </ClCompile>
  </ItemGroup>
  <ItemGroup>
    <ClInclude Include="Game.h">
      <Filter>Fichiers d%27en-tête</Filter>
    </ClInclude>
    <ClInclude Include="constants.h">
      <Filter>Fichiers d%27en-tête</Filter>
    </ClInclude>
    <ClInclude Include="initialization.h">
      <Filter>Fichiers d%27en-tête</Filter>
    </ClInclude>
    <ClInclude Include="Map\Camera.h">
      <Filter>Fichiers d%27en-tête\Map</Filter>
    </ClInclude>
    <ClInclude Include="Map\Layer.h">
      <Filter>Fichiers d%27en-tête\Map</Filter>
    </ClInclude>
    <ClInclude Include="Map\ManageSurfaces.h">
      <Filter>Fichiers d%27en-tête\Map</Filter>
    </ClInclude>
    <ClInclude Include="Map\Map.h">
      <Filter>Fichiers d%27en-tête\Map</Filter>
    </ClInclude>
    <ClInclude Include="Map\Tile.h">
      <Filter>Fichiers d%27en-tête\Map</Filter>
    </ClInclude>
    <ClInclude Include="Map\SurfaceText.h">
      <Filter>Fichiers d%27en-tête\Map</Filter>
    </ClInclude>
    <ClInclude Include="Map\SurfaceSprite.h">
      <Filter>Fichiers d%27en-tête\Map</Filter>
    </ClInclude>
    <ClInclude Include="Map\Surface.h">
      <Filter>Fichiers d%27en-tête\Map</Filter>
    </ClInclude>
    <ClInclude Include="Map\ManageRessources.h">
      <Filter>Fichiers d%27en-tête\Map</Filter>
    </ClInclude>
    <ClInclude Include="Team\Character.h">
      <Filter>Fichiers d%27en-tête\Team</Filter>
    </ClInclude>
    <ClInclude Include="Team\Team.h">
      <Filter>Fichiers d%27en-tête\Team</Filter>
    </ClInclude>
    <ClInclude Include="Menu\M_choice.h">
      <Filter>Fichiers d%27en-tête\Menu</Filter>
    </ClInclude>
    <ClInclude Include="Menu\Menu.h">
      <Filter>Fichiers d%27en-tête\Menu</Filter>
    </ClInclude>
    <ClInclude Include="Menu\MenuChoice.h">
      <Filter>Fichiers d%27en-tête\Menu</Filter>
    </ClInclude>
    <ClInclude Include="Menu\MenuDialogBox.h">
      <Filter>Fichiers d%27en-tête\Menu</Filter>
    </ClInclude>
    <ClInclude Include="Event\actionFunctions.h">
      <Filter>Fichiers d%27en-tête\Event</Filter>
    </ClInclude>
    <ClInclude Include="Event\IG_Action.h">
      <Filter>Fichiers d%27en-tête\Event</Filter>
    </ClInclude>
    <ClInclude Include="Event\IG_KeyEvent.h">
      <Filter>Fichiers d%27en-tête\Event</Filter>
    </ClInclude>
    <ClInclude Include="Event\ManageEvent.h">
      <Filter>Fichiers d%27en-tête\Event</Filter>
    </ClInclude>
    <ClInclude Include="Animation\Animation.h">
      <Filter>Fichiers d%27en-tête\Animation</Filter>
    </ClInclude>
    <ClInclude Include="Animation\ManageAnimation.h">
      <Filter>Fichiers d%27en-tête\Animation</Filter>
    </ClInclude>
    <ClInclude Include="Battle\Battle.h">
      <Filter>Fichiers d%27en-tête\Battle</Filter>
    </ClInclude>
    <ClInclude Include="Battle\Characteristic.h">
      <Filter>Fichiers d%27en-tête\Battle</Filter>
    </ClInclude>
    <ClInclude Include="Battle\Enemies.h">
      <Filter>Fichiers d%27en-tête\Battle</Filter>
    </ClInclude>
    <ClInclude Include="Battle\Health.h">
      <Filter>Fichiers d%27en-tête\Battle</Filter>
    </ClInclude>
    <ClInclude Include="Battle\Spell.h">
      <Filter>Fichiers d%27en-tête\Battle</Filter>
    </ClInclude>
    <ClInclude Include="Battle\Mana.h">
      <Filter>Fichiers d%27en-tête\Battle</Filter>
    </ClInclude>
    <ClInclude Include="Battle\EffectOnCharacteristic.h">
      <Filter>Fichiers d%27en-tête\Battle</Filter>
    </ClInclude>
    <ClInclude Include="Battle\SkillPoints.h">
      <Filter>Fichiers d%27en-tête\Battle</Filter>
    </ClInclude>
    <ClInclude Include="Battle\B_EventSpell.h">
      <Filter>Fichiers d%27en-tête\Battle</Filter>
    </ClInclude>
    <ClInclude Include="Battle\BattleEventManager.h">
      <Filter>Fichiers d%27en-tête\Battle</Filter>
    </ClInclude>
    <ClInclude Include="Battle\B_EventEscape.h">
      <Filter>Fichiers d%27en-tête\Battle</Filter>
    </ClInclude>
    <ClInclude Include="Battle\B_EventDefense.h">
      <Filter>Fichiers d%27en-tête\Battle</Filter>
    </ClInclude>
    <ClInclude Include="Battle\B_Event.h">
      <Filter>Fichiers d%27en-tête\Battle</Filter>
    </ClInclude>
    <ClInclude Include="Battle\B_EventAttack.h">
      <Filter>Fichiers d%27en-tête\Battle</Filter>
    </ClInclude>
    <ClInclude Include="Battle\Fighter.h">
      <Filter>Fichiers d%27en-tête\Battle</Filter>
    </ClInclude>
    <ClInclude Include="Battle\EnemiBoss.h">
      <Filter>Fichiers d%27en-tête\Battle</Filter>
    </ClInclude>
    <ClInclude Include="Battle\EnemiBasic.h">
      <Filter>Fichiers d%27en-tête\Battle</Filter>
    </ClInclude>
    <ClInclude Include="Menu\MenuBattle.h">
      <Filter>Fichiers d%27en-tête\Menu</Filter>
    </ClInclude>
    <ClInclude Include="Menu\MenuBattleSide.h">
      <Filter>Fichiers d%27en-tête\Menu</Filter>
    </ClInclude>
    <ClInclude Include="Map\ManageRenderTexture.h">
      <Filter>Fichiers d%27en-tête\Map</Filter>
    </ClInclude>
    <ClInclude Include="Battle\TeamMate.h">
      <Filter>Fichiers d%27en-tête\Battle</Filter>
    </ClInclude>
    <ClInclude Include="Battle\TeamBattle.h">
      <Filter>Fichiers d%27en-tête\Battle</Filter>
    </ClInclude>
    <ClInclude Include="Error\GameException.h">
      <Filter>Fichiers d%27en-tête\Error</Filter>
    </ClInclude>
    <ClInclude Include="Error\RessourceException.h">
      <Filter>Fichiers d%27en-tête\Error</Filter>
    </ClInclude>
    <ClInclude Include="Error\InitializationException.h">
      <Filter>Fichiers d%27en-tête\Error</Filter>
    </ClInclude>
    <ClInclude Include="Error\ValueException.h">
      <Filter>Fichiers d%27en-tête\Error</Filter>
    </ClInclude>
    <ClInclude Include="Error\debugFunctions.h">
      <Filter>Fichiers d%27en-tête\Error</Filter>
    </ClInclude>
    <ClInclude Include="Map\Physic\ManageHitbox.h">
      <Filter>Fichiers d%27en-tête\Map\Physic</Filter>
    </ClInclude>
    <ClInclude Include="Map\Physic\Hitbox.h">
      <Filter>Fichiers d%27en-tête\Map\Physic</Filter>
    </ClInclude>
    <ClInclude Include="Sound\ManageSound.h">
      <Filter>Fichiers d%27en-tête\Sound</Filter>
    </ClInclude>
    <ClInclude Include="Database\json_tool.h">
      <Filter>Fichiers d%27en-tête\Database</Filter>
    </ClInclude>
    <ClInclude Include="Database\json\allocator.h">
      <Filter>Fichiers d%27en-tête\Database\json</Filter>
    </ClInclude>
    <ClInclude Include="Database\json\assertions.h">
      <Filter>Fichiers d%27en-tête\Database\json</Filter>
    </ClInclude>
    <ClInclude Include="Database\json\autolink.h">
      <Filter>Fichiers d%27en-tête\Database\json</Filter>
    </ClInclude>
    <ClInclude Include="Database\json\config.h">
      <Filter>Fichiers d%27en-tête\Database\json</Filter>
    </ClInclude>
    <ClInclude Include="Database\json\features.h">
      <Filter>Fichiers d%27en-tête\Database\json</Filter>
    </ClInclude>
    <ClInclude Include="Database\json\forwards.h">
      <Filter>Fichiers d%27en-tête\Database\json</Filter>
    </ClInclude>
    <ClInclude Include="Database\json\json.h">
      <Filter>Fichiers d%27en-tête\Database\json</Filter>
    </ClInclude>
    <ClInclude Include="Database\json\reader.h">
      <Filter>Fichiers d%27en-tête\Database\json</Filter>
    </ClInclude>
    <ClInclude Include="Database\json\value.h">
      <Filter>Fichiers d%27en-tête\Database\json</Filter>
    </ClInclude>
    <ClInclude Include="Database\json\version.h">
      <Filter>Fichiers d%27en-tête\Database\json</Filter>
    </ClInclude>
    <ClInclude Include="Database\json\writer.h">
      <Filter>Fichiers d%27en-tête\Database\json</Filter>
    </ClInclude>
    <ClInclude Include="Database\DatabaseJson.h">
      <Filter>Fichiers d%27en-tête\Database</Filter>
    </ClInclude>
  </ItemGroup>
  <ItemGroup>
    <None Include="Database\json_valueiterator.inl">
      <Filter>Fichiers d%27en-tête\Database</Filter>
    </None>
    <ClInclude Include="Battle\BattleEffects.h">
      <Filter>Fichiers d%27en-tête\Battle</Filter>
    </ClInclude>
  </ItemGroup>
</Project>